# THIS IS AN AUTOGENERATED FILE. DO NOT EDIT THIS FILE DIRECTLY.
# yarn lockfile v1


"@esbuild/android-arm64@0.16.15":
  version "0.16.15"
  resolved "https://registry.yarnpkg.com/@esbuild/android-arm64/-/android-arm64-0.16.15.tgz#d58b9efe279b553b377395318d21e360058b3622"
  integrity sha512-OdbkUv7468dSsgoFtHIwTaYAuI5lDEv/v+dlfGBUbVa2xSDIIuSOHXawynw5N9+5lygo/JdXa5/sgGjiEU18gQ==

"@esbuild/android-arm@0.16.15":
  version "0.16.15"
  resolved "https://registry.yarnpkg.com/@esbuild/android-arm/-/android-arm-0.16.15.tgz#6a8ad3016fd9c89bb419bd21605fba242c051809"
  integrity sha512-JsJtmadyWcR+DEtHLixM7bAQsfi1s0Xotv9kVOoXbCLyhKPOHvMEyh3kJBuTbCPSE4c2jQkQVmarwc9Mg9k3bA==

"@esbuild/android-x64@0.16.15":
  version "0.16.15"
  resolved "https://registry.yarnpkg.com/@esbuild/android-x64/-/android-x64-0.16.15.tgz#94b0589b6bec5eaf7e8ea2fe6368427899676f21"
  integrity sha512-dPUOBiNNWAm+/bxoA75o7R7qqqfcEzXaYlb5uJk2xGHmUMNKSAnDCtRYLgx9/wfE4sXyn8H948OrDyUAHhPOuA==

"@esbuild/darwin-arm64@0.16.15":
  version "0.16.15"
  resolved "https://registry.yarnpkg.com/@esbuild/darwin-arm64/-/darwin-arm64-0.16.15.tgz#525e5603a82837a1e7c8265d3b14433aa869e9b6"
  integrity sha512-AksarYV85Hxgwh5/zb6qGl4sYWxIXPQGBAZ+jUro1ZpINy3EWumK+/4DPOKUBPnsrOIvnNXy7Rq4mTeCsMQDNA==

"@esbuild/darwin-x64@0.16.15":
  version "0.16.15"
  resolved "https://registry.yarnpkg.com/@esbuild/darwin-x64/-/darwin-x64-0.16.15.tgz#38ec324a3653ade5acc5c190a7a27185caa6223e"
  integrity sha512-qqrKJxoohceZGGP+sZ5yXkzW9ZiyFZJ1gWSEfuYdOWzBSL18Uy3w7s/IvnDYHo++/cxwqM0ch3HQVReSZy7/4Q==

"@esbuild/freebsd-arm64@0.16.15":
  version "0.16.15"
  resolved "https://registry.yarnpkg.com/@esbuild/freebsd-arm64/-/freebsd-arm64-0.16.15.tgz#05c19bf6e4e56387f6a56bd6933839e889146726"
  integrity sha512-LBWaep6RvJm5KnsKkocdVEzuwnGMjz54fcRVZ9d3R7FSEWOtPBxMhuxeA1n98JVbCLMkTPFmKN6xSnfhnM9WXQ==

"@esbuild/freebsd-x64@0.16.15":
  version "0.16.15"
  resolved "https://registry.yarnpkg.com/@esbuild/freebsd-x64/-/freebsd-x64-0.16.15.tgz#68855666ecf1616e2a927154148d4409cd8bc55b"
  integrity sha512-LE8mKC6JPR04kPLRP9A6k7ZmG0k2aWF4ru79Sde6UeWCo7yDby5f48uJNFQ2pZqzUUkLrHL8xNdIHerJeZjHXg==

"@esbuild/linux-arm64@0.16.15":
  version "0.16.15"
  resolved "https://registry.yarnpkg.com/@esbuild/linux-arm64/-/linux-arm64-0.16.15.tgz#93e8630d19f3a25d31c6467e2b136438391a3ca9"
  integrity sha512-mRYpuQGbzY+XLczy3Sk7fMJ3DRKLGDIuvLKkkUkyecDGQMmil6K/xVKP9IpKO7JtNH477qAiMjjX7jfKae8t4g==

"@esbuild/linux-arm@0.16.15":
  version "0.16.15"
  resolved "https://registry.yarnpkg.com/@esbuild/linux-arm/-/linux-arm-0.16.15.tgz#9343c9d0e18d15ca5b4e293154e4beae2598b5db"
  integrity sha512-+1sGlqtMJTOnJUXwLUGnDhPaGRKqxT0UONtYacS+EjdDOrSgpQ/1gUXlnze45Z/BogwYaswQM19Gu1YD1T19/w==

"@esbuild/linux-ia32@0.16.15":
  version "0.16.15"
  resolved "https://registry.yarnpkg.com/@esbuild/linux-ia32/-/linux-ia32-0.16.15.tgz#2c63615bb87cb2d080f3dc7dd0e3174b9b977233"
  integrity sha512-puXVFvY4m8EB6/fzu3LdgjiNnEZ3gZMSR7NmKoQe51l3hyQalvTjab3Dt7aX4qGf+8Pj7dsCOBNzNzkSlr/4Aw==

"@esbuild/linux-loong64@0.16.15":
  version "0.16.15"
  resolved "https://registry.yarnpkg.com/@esbuild/linux-loong64/-/linux-loong64-0.16.15.tgz#85a245672709ce60895baf93b1ad3fb4b3cdab4f"
  integrity sha512-ATMGb3eg8T6ZTGZFldlGeFEcevBiVq6SBHvRAO04HMfUjZWneZ/U+JJb3YzlNZxuscJ4Tmzq+JrYxlk7ro4dRg==

"@esbuild/linux-mips64el@0.16.15":
  version "0.16.15"
  resolved "https://registry.yarnpkg.com/@esbuild/linux-mips64el/-/linux-mips64el-0.16.15.tgz#41e325ccd6432f952c674d763d9e5acc25a00267"
  integrity sha512-3SEA4L82OnoSATW+Ve8rPgLaKjC8WMt8fnx7De9kvi/NcVbkj8W+J7qnu/tK2P9pUPQP7Au/0sjPEqZtFeyKQQ==

"@esbuild/linux-ppc64@0.16.15":
  version "0.16.15"
  resolved "https://registry.yarnpkg.com/@esbuild/linux-ppc64/-/linux-ppc64-0.16.15.tgz#51c7ed8fec6f9860716cdb1bb86835bdb9206108"
  integrity sha512-8PgbeX+N6vmqeySzyxO0NyDOltCEW13OS5jUHTvCHmCgf4kNXZtAWJ+zEfJxjRGYhVezQ1FdIm7WfN1R27uOyg==

"@esbuild/linux-riscv64@0.16.15":
  version "0.16.15"
  resolved "https://registry.yarnpkg.com/@esbuild/linux-riscv64/-/linux-riscv64-0.16.15.tgz#44cb5ad5318d72f52378fa666b2010551c67f333"
  integrity sha512-U+coqH+89vbPVoU30no1Fllrn6gvEeO5tfEArBhjYZ+dQ3Gv7ciQXYf5nrT1QdlIFwEjH4Is1U1iiaGWW+tGpQ==

"@esbuild/linux-s390x@0.16.15":
  version "0.16.15"
  resolved "https://registry.yarnpkg.com/@esbuild/linux-s390x/-/linux-s390x-0.16.15.tgz#69572a26c2120ddd446d8207d30ae8f94a801a72"
  integrity sha512-M0nKLFMdyFGBoitxG42kq6Xap0CPeDC6gfF9lg7ZejzGF6kqYUGT+pQGl2QCQoxJBeat/LzTma1hG8C3dq2ocg==

"@esbuild/linux-x64@0.16.15":
  version "0.16.15"
  resolved "https://registry.yarnpkg.com/@esbuild/linux-x64/-/linux-x64-0.16.15.tgz#0a4cb4f62379f839ef2c79d94f13ca0b76469d8a"
  integrity sha512-t7/fOXBUKfigvhJLGKZ9TPHHgqNgpIpYaAbcXQk1X+fPeUG7x0tpAbXJ2wST9F/gJ02+CLETPMnhG7Tra2wqsQ==

"@esbuild/netbsd-x64@0.16.15":
  version "0.16.15"
  resolved "https://registry.yarnpkg.com/@esbuild/netbsd-x64/-/netbsd-x64-0.16.15.tgz#cba5674608c197bee9d25451ae458ab76a770a45"
  integrity sha512-0k0Nxi6DOJmTnLtKD/0rlyqOPpcqONXY53vpkoAsue8CfyhNPWtwzba1ICFNCfCY1dqL3Ho/xEzujJhmdXq1rg==

"@esbuild/openbsd-x64@0.16.15":
  version "0.16.15"
  resolved "https://registry.yarnpkg.com/@esbuild/openbsd-x64/-/openbsd-x64-0.16.15.tgz#4ea4394d5b9c67bac6dcd1e527b47c64990d7d92"
  integrity sha512-3SkckazfIbdSjsGpuIYT3d6n2Hx0tck3MS1yVsbahhWiLvdy4QozTpvlbjqO3GmvtvhxY4qdyhFOO2wiZKeTAQ==

"@esbuild/sunos-x64@0.16.15":
  version "0.16.15"
  resolved "https://registry.yarnpkg.com/@esbuild/sunos-x64/-/sunos-x64-0.16.15.tgz#91174f7058dfc6cfafdf2251330f6767506db7a7"
  integrity sha512-8PNvBC+O8X5EnyIGqE8St2bOjjrXMR17NOLenIrzolvwWnJXvwPo0tE/ahOeiAJmTOS/eAcN8b4LAZcn17Uj7w==

"@esbuild/win32-arm64@0.16.15":
  version "0.16.15"
  resolved "https://registry.yarnpkg.com/@esbuild/win32-arm64/-/win32-arm64-0.16.15.tgz#3fa7189ec92d1de87563ab9e73b3e0a4adbfd203"
  integrity sha512-YPaSgm/mm7kNcATB53OxVGVfn6rDNbImTn330ZlF3hKej1e9ktCaljGjn2vH08z2dlHEf3kdt57tNjE6zs8SzA==

"@esbuild/win32-ia32@0.16.15":
  version "0.16.15"
  resolved "https://registry.yarnpkg.com/@esbuild/win32-ia32/-/win32-ia32-0.16.15.tgz#a114e4878e74fa6b5453cb407be4f2a28b72809d"
  integrity sha512-0movUXbSNrTeNf5ZXT0avklEvlJD0hNGZsrrXHfsp9z4tK5xC+apCqmUEZeE9mqrb84Z8XbgGr/MS9LqafTP2A==

"@esbuild/win32-x64@0.16.15":
  version "0.16.15"
  resolved "https://registry.yarnpkg.com/@esbuild/win32-x64/-/win32-x64-0.16.15.tgz#e28277cdbc1c9cde2b982c814d05f44d4b1f0580"
  integrity sha512-27h5GCcbfomVAqAnMJWvR1LqEY0dFqIq4vTe5nY3becnZNu0SX8F0+gTk3JPvgWQHzaGc6VkPzlOiMkdSUunUA==

esbuild@^0.16.15:
  version "0.16.15"
  resolved "https://registry.yarnpkg.com/esbuild/-/esbuild-0.16.15.tgz#02663f41eac47433879f09894dbe97c2dc837ecf"
  integrity sha512-v+3ozjy9wyj8cOElzx3//Lsb4TCxPfZxRmdsfm0YaEkvZu7y6rKH7Zi1UpDx4JI7dSQui+U1Qxhfij9KBbHfrA==
  optionalDependencies:
    "@esbuild/android-arm" "0.16.15"
    "@esbuild/android-arm64" "0.16.15"
    "@esbuild/android-x64" "0.16.15"
    "@esbuild/darwin-arm64" "0.16.15"
    "@esbuild/darwin-x64" "0.16.15"
    "@esbuild/freebsd-arm64" "0.16.15"
    "@esbuild/freebsd-x64" "0.16.15"
    "@esbuild/linux-arm" "0.16.15"
    "@esbuild/linux-arm64" "0.16.15"
    "@esbuild/linux-ia32" "0.16.15"
    "@esbuild/linux-loong64" "0.16.15"
    "@esbuild/linux-mips64el" "0.16.15"
    "@esbuild/linux-ppc64" "0.16.15"
    "@esbuild/linux-riscv64" "0.16.15"
    "@esbuild/linux-s390x" "0.16.15"
    "@esbuild/linux-x64" "0.16.15"
    "@esbuild/netbsd-x64" "0.16.15"
    "@esbuild/openbsd-x64" "0.16.15"
    "@esbuild/sunos-x64" "0.16.15"
    "@esbuild/win32-arm64" "0.16.15"
    "@esbuild/win32-ia32" "0.16.15"
    "@esbuild/win32-x64" "0.16.15"

growly@^1.3.0:
  version "1.3.0"
  resolved "https://registry.yarnpkg.com/growly/-/growly-1.3.0.tgz#f10748cbe76af964b7c96c93c6bcc28af120c081"
  integrity sha512-+xGQY0YyAWCnqy7Cd++hc2JqMYzlm0dG30Jd0beaA64sROr8C4nt8Yc9V5Ro3avlSUDTN0ulqP/VBKi1/lLygw==

is-docker@^2.0.0:
  version "2.2.1"
  resolved "https://registry.yarnpkg.com/is-docker/-/is-docker-2.2.1.tgz#33eeabe23cfe86f14bde4408a02c0cfb853acdaa"
  integrity sha512-F+i2BKsFrH66iaUFc0woD8sLy8getkwTwtOBjvs56Cx4CgJDeKQeqfz8wAYiSb8JOprWhHH5p77PbmYCvvUuXQ==

is-wsl@^2.2.0:
  version "2.2.0"
  resolved "https://registry.yarnpkg.com/is-wsl/-/is-wsl-2.2.0.tgz#74a4c76e77ca9fd3f932f290c17ea326cd157271"
  integrity sha512-fKzAra0rGJUUBwGBgNkHZuToZcn+TtXHpeCgmkMJMMYx1sQDYaCSyjJBSCa2nH1DGm7s3n1oBnohoVTBaN7Lww==
  dependencies:
    is-docker "^2.0.0"

isexe@^2.0.0:
  version "2.0.0"
  resolved "https://registry.yarnpkg.com/isexe/-/isexe-2.0.0.tgz#e8fbf374dc556ff8947a10dcb0572d633f2cfa10"
  integrity sha512-RHxMLp9lnKHGHRng9QFhRCMbYAcVpn69smSGcq3f36xjgVVWThj4qqLbTLlq7Ssj8B+fIQ1EuCEGI2lKsyQeIw==

lru-cache@^6.0.0:
  version "6.0.0"
  resolved "https://registry.yarnpkg.com/lru-cache/-/lru-cache-6.0.0.tgz#6d6fe6570ebd96aaf90fcad1dafa3b2566db3a94"
  integrity sha512-Jo6dJ04CmSjuznwJSS3pUeWmd/H0ffTlkXXgwZi+eq1UCmqQwCh+eLsYOYCwY991i2Fah4h1BEMCx4qThGbsiA==
  dependencies:
    yallist "^4.0.0"

node-notifier@^10.0.1:
  version "10.0.1"
  resolved "https://registry.yarnpkg.com/node-notifier/-/node-notifier-10.0.1.tgz#0e82014a15a8456c4cfcdb25858750399ae5f1c7"
  integrity sha512-YX7TSyDukOZ0g+gmzjB6abKu+hTGvO8+8+gIFDsRCU2t8fLV/P2unmt+LGFaIa4y64aX98Qksa97rgz4vMNeLQ==
  dependencies:
    growly "^1.3.0"
    is-wsl "^2.2.0"
    semver "^7.3.5"
    shellwords "^0.1.1"
    uuid "^8.3.2"
    which "^2.0.2"

semver@^7.3.5:
  version "7.3.8"
  resolved "https://registry.yarnpkg.com/semver/-/semver-7.3.8.tgz#07a78feafb3f7b32347d725e33de7e2a2df67798"
  integrity sha512-NB1ctGL5rlHrPJtFDVIVzTyQylMLu9N9VICA6HSFJo8MCGVTMW6gfpicwKmmK/dAjTOrqu5l63JJOpDSrAis3A==
  dependencies:
    lru-cache "^6.0.0"

shellwords@^0.1.1:
  version "0.1.1"
  resolved "https://registry.yarnpkg.com/shellwords/-/shellwords-0.1.1.tgz#d6b9181c1a48d397324c84871efbcfc73fc0654b"
  integrity sha512-vFwSUfQvqybiICwZY5+DAWIPLKsWO31Q91JSKl3UYv+K5c2QRPzn0qzec6QPu1Qc9eHYItiP3NdJqNVqetYAww==

uuid@^8.3.2:
  version "8.3.2"
  resolved "https://registry.yarnpkg.com/uuid/-/uuid-8.3.2.tgz#80d5b5ced271bb9af6c445f21a1a04c606cefbe2"
  integrity sha512-+NYs2QeMWy+GWFOEm9xnn6HCDp0l7QBD7ml8zLUmJ+93Q5NF0NocErnwkTkXVFNiX3/fpC6afS8Dhb/gz7R7eg==

which@^2.0.2:
  version "2.0.2"
  resolved "https://registry.yarnpkg.com/which/-/which-2.0.2.tgz#7c6a8dd0a636a0327e10b59c9286eee93f3f51b1"
  integrity sha512-BLI3Tl1TW3Pvl70l3yq3Y64i+awpwXqsGBYWkkqMtnbXgrMD+yj7rhW0kuEDxzJaYXGjEW5ogapKNMEKNMjibA==
  dependencies:
    isexe "^2.0.0"

yallist@^4.0.0:
  version "4.0.0"
  resolved "https://registry.yarnpkg.com/yallist/-/yallist-4.0.0.tgz#9bb92790d9c0effec63be73519e11a35019a3a72"
  integrity sha512-3wdGidZyq5PB084XLES5TpOSRA3wjXAlIWMhum2kRcv/41Sn2emQ0dycQW4uZXLejwKvg6EsvbdlVL+FYEct7A==
